
Microsoft Visual Studio Solution File, Format Version 12.00
# Visual Studio Version 16
VisualStudioVersion = 16.0.28721.148
MinimumVisualStudioVersion = 10.0.40219.1
Project("{FAE04EC0-301F-11D3-BF4B-00C04F79EFBC}") = "onlineChat", "onlineChat.csproj", "{D30491BD-5C30-41FA-8FF2-2B2C04009151}"
EndProject
Global
	GlobalSection(SolutionConfigurationPlatforms) = preSolution
		Debug|Any CPU = Debug|Any CPU
		Release|Any CPU = Release|Any CPU
	EndGlobalSection
	GlobalSection(ProjectConfigurationPlatforms) = postSolution
		{D30491BD-5C30-41FA-8FF2-2B2C04009151}.Debug|Any CPU.ActiveCfg = Debug|Any CPU
		{D30491BD-5C30-41FA-8FF2-2B2C04009151}.Debug|Any CPU.Build.0 = Debug|Any CPU
		{D30491BD-5C30-41FA-8FF2-2B2C04009151}.Release|Any CPU.ActiveCfg = Release|Any CPU
		{D30491BD-5C30-41FA-8FF2-2B2C04009151}.Release|Any CPU.Build.0 = Release|Any CPU
	EndGlobalSection
	GlobalSection(SolutionProperties) = preSolution
		HideSolutionNode = FALSE
	EndGlobalSection
	GlobalSection(ExtensibilityGlobals) = postSolution
		SolutionGuid = {6385EC4E-01EE-4B91-8D90-14483BB47C0D}
	EndGlobalSection
EndGlobal
